# THIS IS AN AUTOGENERATED FILE. DO NOT EDIT THIS FILE DIRECTLY.
# yarn lockfile v1


hexo-tag-injector@^0.0.1:
  version "0.0.1"
  resolved "https://registry.yarnpkg.com/hexo-tag-injector/-/hexo-tag-injector-0.0.1.tgz#35a677064ade6cb7917e13ff66280763dedbbd6f"
  integrity sha512-XlNNvcgNK6V0UKIdk2poumxEPunzsweqf6H5lJE6WJyt2P7V8OlAbntwCYX/3SOPrboKWxLFDJb4isr85IHbxQ==
